
Microsoft Visual Studio Solution File, Format Version 12.00
# Visual Studio Version 17
VisualStudioVersion = 17.6.33815.320
MinimumVisualStudioVersion = 10.0.40219.1
Project("{FAE04EC0-301F-11D3-BF4B-00C04F79EFBC}") = "InputPlayback", "InputPlayback.csproj", "{D5EF5920-C715-49A5-979F-C4DA17AFA7B5}"
EndProject
Global
	GlobalSection(SolutionConfigurationPlatforms) = preSolution
		Debug|Any CPU = Debug|Any CPU
		Release|Any CPU = Release|Any CPU
	EndGlobalSection
	GlobalSection(ProjectConfigurationPlatforms) = postSolution
		{D5EF5920-C715-49A5-979F-C4DA17AFA7B5}.Debug|Any CPU.ActiveCfg = Debug|Any CPU
		{D5EF5920-C715-49A5-979F-C4DA17AFA7B5}.Debug|Any CPU.Build.0 = Debug|Any CPU
		{D5EF5920-C715-49A5-979F-C4DA17AFA7B5}.Release|Any CPU.ActiveCfg = Release|Any CPU
		{D5EF5920-C715-49A5-979F-C4DA17AFA7B5}.Release|Any CPU.Build.0 = Release|Any CPU
	EndGlobalSection
	GlobalSection(SolutionProperties) = preSolution
		HideSolutionNode = FALSE
	EndGlobalSection
	GlobalSection(ExtensibilityGlobals) = postSolution
		SolutionGuid = {2D2B6917-4F4A-4F68-B28A-B341DE5B48D9}
	EndGlobalSection
EndGlobal
